<?xml version="1.0" encoding="utf-8"?>
<Project ToolsVersion="4.0" xmlns="http://schemas.microsoft.com/developer/msbuild/2003">
  <ItemGroup>
    <Filter Include="Source Files">
      <UniqueIdentifier>{4FC737F1-C7A5-4376-A066-2A32D752A2FF}</UniqueIdentifier>
      <Extensions>cpp;c;cc;cxx;def;odl;idl;hpj;bat;asm;asmx</Extensions>
    </Filter>
    <Filter Include="Header Files">
      <UniqueIdentifier>{93995380-89BD-4b04-88EB-625FBE52EBFB}</UniqueIdentifier>
      <Extensions>h;hh;hpp;hxx;hm;inl;inc;xsd</Extensions>
    </Filter>
    <Filter Include="Resource Files">
      <UniqueIdentifier>{67DA6AB6-F800-4c08-8B7A-83BB121AAD01}</UniqueIdentifier>
      <Extensions>rc;ico;cur;bmp;dlg;rc2;rct;bin;rgs;gif;jpg;jpeg;jpe;resx;tiff;tif;png;wav;mfcribbon-ms</Extensions>
    </Filter>
    <Filter Include="Header Files\Common Headers">
      <UniqueIdentifier>{d46f7344-87ed-4d7e-9d59-e3c68e6c7c48}</UniqueIdentifier>
    </Filter>
    <Filter Include="Source Files\Common Sources">
      <UniqueIdentifier>{8ff7b889-1fea-4578-8a29-c3728dad4499}</UniqueIdentifier>
    </Filter>
  </ItemGroup>
  <ItemGroup>
    <ClCompile Include="Main.cpp">
      <Filter>Resource Files</Filter>
    </ClCompile>
    <ClCompile Include="ChapterTwo.cpp">
      <Filter>Source Files</Filter>
    </ClCompile>
    <ClCompile Include="ChapterThree.cpp">
      <Filter>Source Files</Filter>
    </ClCompile>
    <ClCompile Include="ChapterFive.cpp">
      <Filter>Source Files</Filter>
    </ClCompile>
    <ClCompile Include="ChapterSix.cpp">
      <Filter>Source Files</Filter>
    </ClCompile>
    <ClCompile Include="ChapterEight.cpp">
      <Filter>Source Files</Filter>
    </ClCompile>
    <ClCompile Include="ChapterSeven.cpp">
      <Filter>Source Files</Filter>
    </ClCompile>
    <ClCompile Include="ChapterNine.cpp">
      <Filter>Source Files</Filter>
    </ClCompile>
    <ClCompile Include="ChapterTen.cpp">
      <Filter>Source Files</Filter>
    </ClCompile>
    <ClCompile Include="ChapterEleven.cpp">
      <Filter>Source Files</Filter>
    </ClCompile>
    <ClCompile Include="ChapterTwelve.cpp">
      <Filter>Source Files</Filter>
    </ClCompile>
    <ClCompile Include="ChapterThirteen.cpp">
      <Filter>Source Files</Filter>
    </ClCompile>
    <ClCompile Include="ChapterFourteen.cpp">
      <Filter>Source Files</Filter>
    </ClCompile>
    <ClCompile Include="ChapterFifteen.cpp">
      <Filter>Source Files</Filter>
    </ClCompile>
    <ClCompile Include="ChapterSixteen.cpp">
      <Filter>Source Files</Filter>
    </ClCompile>
    <ClCompile Include="ChapterSeventeen.cpp">
      <Filter>Source Files</Filter>
    </ClCompile>
    <ClCompile Include="ChapterEighteen.cpp">
      <Filter>Source Files</Filter>
    </ClCompile>
    <ClCompile Include="ChapterNineteen.cpp">
      <Filter>Source Files</Filter>
    </ClCompile>
    <ClCompile Include="ChapterTwenty.cpp">
      <Filter>Source Files</Filter>
    </ClCompile>
    <ClCompile Include="ChapterTwentyone.cpp">
      <Filter>Source Files</Filter>
    </ClCompile>
    <ClCompile Include="ChapterTwentytwo.cpp">
      <Filter>Source Files</Filter>
    </ClCompile>
    <ClCompile Include="geomatics.cpp">
      <Filter>Source Files\Common Sources</Filter>
    </ClCompile>
    <ClCompile Include="common.cpp">
      <Filter>Source Files\Common Sources</Filter>
    </ClCompile>
    <ClCompile Include="algorithm.cpp">
      <Filter>Source Files\Common Sources</Filter>
    </ClCompile>
  </ItemGroup>
  <ItemGroup>
    <ClInclude Include="ChapterTwo.h">
      <Filter>Header Files</Filter>
    </ClInclude>
    <ClInclude Include="ChapterThree.h">
      <Filter>Header Files</Filter>
    </ClInclude>
    <ClInclude Include="ChapterFive.h">
      <Filter>Header Files</Filter>
    </ClInclude>
    <ClInclude Include="ChapterSix.h">
      <Filter>Header Files</Filter>
    </ClInclude>
    <ClInclude Include="ChapterEight.h">
      <Filter>Header Files</Filter>
    </ClInclude>
    <ClInclude Include="ChapterSeven.h">
      <Filter>Header Files</Filter>
    </ClInclude>
    <ClInclude Include="ChapterNine.h">
      <Filter>Header Files</Filter>
    </ClInclude>
    <ClInclude Include="ChapterTen.h">
      <Filter>Header Files</Filter>
    </ClInclude>
    <ClInclude Include="ChapterEleven.h">
      <Filter>Header Files</Filter>
    </ClInclude>
    <ClInclude Include="ChapterTwelve.h">
      <Filter>Header Files</Filter>
    </ClInclude>
    <ClInclude Include="ChapterThirteen.h">
      <Filter>Header Files</Filter>
    </ClInclude>
    <ClInclude Include="ChapterSixteen.h">
      <Filter>Header Files</Filter>
    </ClInclude>
    <ClInclude Include="ChapterFifteen.h">
      <Filter>Header Files</Filter>
    </ClInclude>
    <ClInclude Include="ChapterFourteeen.h">
      <Filter>Header Files</Filter>
    </ClInclude>
    <ClInclude Include="ChapterSeventeen.h">
      <Filter>Header Files</Filter>
    </ClInclude>
    <ClInclude Include="ChapterEighteen.h">
      <Filter>Header Files</Filter>
    </ClInclude>
    <ClInclude Include="ChapterNineteen.h">
      <Filter>Header Files</Filter>
    </ClInclude>
    <ClInclude Include="ChapterTwenty.h">
      <Filter>Header Files</Filter>
    </ClInclude>
    <ClInclude Include="ChapterTwentyone.h">
      <Filter>Header Files</Filter>
    </ClInclude>
    <ClInclude Include="ChapterTwentytwo.h">
      <Filter>Header Files</Filter>
    </ClInclude>
    <ClInclude Include="Matrix4.h">
      <Filter>Header Files</Filter>
    </ClInclude>
    <ClInclude Include="Linked.h">
      <Filter>Header Files</Filter>
    </ClInclude>
    <ClInclude Include="LinkedT.h">
      <Filter>Header Files</Filter>
    </ClInclude>
    <ClInclude Include="astro.h">
      <Filter>Header Files</Filter>
    </ClInclude>
    <ClInclude Include="attrib.h">
      <Filter>Header Files</Filter>
    </ClInclude>
    <ClInclude Include="keys.h">
      <Filter>Header Files</Filter>
    </ClInclude>
    <ClInclude Include="bitgraph.h">
      <Filter>Header Files</Filter>
    </ClInclude>
    <ClInclude Include="cursor1.h">
      <Filter>Header Files</Filter>
    </ClInclude>
    <ClInclude Include="canvas.h">
      <Filter>Header Files</Filter>
    </ClInclude>
    <ClInclude Include="geomatics.h">
      <Filter>Header Files\Common Headers</Filter>
    </ClInclude>
    <ClInclude Include="common.h">
      <Filter>Header Files\Common Headers</Filter>
    </ClInclude>
    <ClInclude Include="algorithm.h">
      <Filter>Header Files\Common Headers</Filter>
    </ClInclude>
  </ItemGroup>
</Project>